
Microsoft Visual Studio Solution File, Format Version 12.00
# Visual Studio Version 17
VisualStudioVersion = 17.10.34902.84
MinimumVisualStudioVersion = 10.0.40219.1
Project("{FAE04EC0-301F-11D3-BF4B-00C04F79EFBC}") = "WebApplication1", "WebApplication1.csproj", "{EAB038A7-D6B5-4914-85F8-E83B6905D29E}"
EndProject
Global
	GlobalSection(SolutionConfigurationPlatforms) = preSolution
		Debug|Any CPU = Debug|Any CPU
		Release|Any CPU = Release|Any CPU
	EndGlobalSection
	GlobalSection(ProjectConfigurationPlatforms) = postSolution
		{EAB038A7-D6B5-4914-85F8-E83B6905D29E}.Debug|Any CPU.ActiveCfg = Debug|Any CPU
		{EAB038A7-D6B5-4914-85F8-E83B6905D29E}.Debug|Any CPU.Build.0 = Debug|Any CPU
		{EAB038A7-D6B5-4914-85F8-E83B6905D29E}.Release|Any CPU.ActiveCfg = Release|Any CPU
		{EAB038A7-D6B5-4914-85F8-E83B6905D29E}.Release|Any CPU.Build.0 = Release|Any CPU
	EndGlobalSection
	GlobalSection(SolutionProperties) = preSolution
		HideSolutionNode = FALSE
	EndGlobalSection
	GlobalSection(ExtensibilityGlobals) = postSolution
		SolutionGuid = {AB58BFCE-18F2-4255-9305-64C0A926B744}
	EndGlobalSection
EndGlobal
