
Microsoft Visual Studio Solution File, Format Version 12.00
# Visual Studio Version 17
VisualStudioVersion = 17.14.36017.23 d17.14
MinimumVisualStudioVersion = 10.0.40219.1
Project("{FAE04EC0-301F-11D3-BF4B-00C04F79EFBC}") = "Starwars.Apps.ConsoleApp03", "Starwars.Apps.ConsoleApp03.csproj", "{20056B77-4DCF-46CF-92FC-2C82370873DF}"
EndProject
Project("{FAE04EC0-301F-11D3-BF4B-00C04F79EFBC}") = "Starwars.Core.Entities", "..\Starwars.Core.Entities\Starwars.Core.Entities.csproj", "{F9808693-878B-436A-97B5-D806937B2F52}"
EndProject
Project("{FAE04EC0-301F-11D3-BF4B-00C04F79EFBC}") = "Starwars.Core.Business", "..\Starwars.Core.Business\Starwars.Core.Business.csproj", "{111A8450-EFB8-4285-BB4D-B0E29933AEE1}"
EndProject
Project("{FAE04EC0-301F-11D3-BF4B-00C04F79EFBC}") = "Starwars.Core.Data", "..\Starwars.Core.Data\Starwars.Core.Data.csproj", "{04358337-1A77-44D3-AF63-76727B7FC30F}"
EndProject
Global
	GlobalSection(SolutionConfigurationPlatforms) = preSolution
		Debug|Any CPU = Debug|Any CPU
		Release|Any CPU = Release|Any CPU
	EndGlobalSection
	GlobalSection(ProjectConfigurationPlatforms) = postSolution
		{20056B77-4DCF-46CF-92FC-2C82370873DF}.Debug|Any CPU.ActiveCfg = Debug|Any CPU
		{20056B77-4DCF-46CF-92FC-2C82370873DF}.Debug|Any CPU.Build.0 = Debug|Any CPU
		{20056B77-4DCF-46CF-92FC-2C82370873DF}.Release|Any CPU.ActiveCfg = Release|Any CPU
		{20056B77-4DCF-46CF-92FC-2C82370873DF}.Release|Any CPU.Build.0 = Release|Any CPU
		{F9808693-878B-436A-97B5-D806937B2F52}.Debug|Any CPU.ActiveCfg = Debug|Any CPU
		{F9808693-878B-436A-97B5-D806937B2F52}.Debug|Any CPU.Build.0 = Debug|Any CPU
		{F9808693-878B-436A-97B5-D806937B2F52}.Release|Any CPU.ActiveCfg = Release|Any CPU
		{F9808693-878B-436A-97B5-D806937B2F52}.Release|Any CPU.Build.0 = Release|Any CPU
		{111A8450-EFB8-4285-BB4D-B0E29933AEE1}.Debug|Any CPU.ActiveCfg = Debug|Any CPU
		{111A8450-EFB8-4285-BB4D-B0E29933AEE1}.Debug|Any CPU.Build.0 = Debug|Any CPU
		{111A8450-EFB8-4285-BB4D-B0E29933AEE1}.Release|Any CPU.ActiveCfg = Release|Any CPU
		{111A8450-EFB8-4285-BB4D-B0E29933AEE1}.Release|Any CPU.Build.0 = Release|Any CPU
		{04358337-1A77-44D3-AF63-76727B7FC30F}.Debug|Any CPU.ActiveCfg = Debug|Any CPU
		{04358337-1A77-44D3-AF63-76727B7FC30F}.Debug|Any CPU.Build.0 = Debug|Any CPU
		{04358337-1A77-44D3-AF63-76727B7FC30F}.Release|Any CPU.ActiveCfg = Release|Any CPU
		{04358337-1A77-44D3-AF63-76727B7FC30F}.Release|Any CPU.Build.0 = Release|Any CPU
	EndGlobalSection
	GlobalSection(SolutionProperties) = preSolution
		HideSolutionNode = FALSE
	EndGlobalSection
	GlobalSection(ExtensibilityGlobals) = postSolution
		SolutionGuid = {464C3147-EB9D-4A83-87BE-85F7E1B58378}
	EndGlobalSection
EndGlobal
