
Microsoft Visual Studio Solution File, Format Version 12.00
# Visual Studio Version 17
VisualStudioVersion = 17.10.34607.79
MinimumVisualStudioVersion = 10.0.40219.1
Project("{9A19103F-16F7-4668-BE54-9A1E7A4F7556}") = "HelloWorld", "HelloWorld\HelloWorld.csproj", "{C3CD3E24-009A-44CD-9CE1-FEF7034ED7D8}"
EndProject
Project("{9A19103F-16F7-4668-BE54-9A1E7A4F7556}") = "GoodbyeWorld", "GoodbyeWorld\GoodbyeWorld.csproj", "{27829AD7-56D1-43E9-A08C-84D2940075A0}"
EndProject
Global
	GlobalSection(SolutionConfigurationPlatforms) = preSolution
		Debug|Any CPU = Debug|Any CPU
		Release|Any CPU = Release|Any CPU
	EndGlobalSection
	GlobalSection(ProjectConfigurationPlatforms) = postSolution
		{C3CD3E24-009A-44CD-9CE1-FEF7034ED7D8}.Debug|Any CPU.ActiveCfg = Debug|Any CPU
		{C3CD3E24-009A-44CD-9CE1-FEF7034ED7D8}.Debug|Any CPU.Build.0 = Debug|Any CPU
		{C3CD3E24-009A-44CD-9CE1-FEF7034ED7D8}.Release|Any CPU.ActiveCfg = Release|Any CPU
		{C3CD3E24-009A-44CD-9CE1-FEF7034ED7D8}.Release|Any CPU.Build.0 = Release|Any CPU
		{27829AD7-56D1-43E9-A08C-84D2940075A0}.Debug|Any CPU.ActiveCfg = Debug|Any CPU
		{27829AD7-56D1-43E9-A08C-84D2940075A0}.Debug|Any CPU.Build.0 = Debug|Any CPU
		{27829AD7-56D1-43E9-A08C-84D2940075A0}.Release|Any CPU.ActiveCfg = Release|Any CPU
		{27829AD7-56D1-43E9-A08C-84D2940075A0}.Release|Any CPU.Build.0 = Release|Any CPU
	EndGlobalSection
	GlobalSection(SolutionProperties) = preSolution
		HideSolutionNode = FALSE
	EndGlobalSection
	GlobalSection(ExtensibilityGlobals) = postSolution
		SolutionGuid = {20837A70-7939-41CA-9131-275CF82BC4AB}
	EndGlobalSection
EndGlobal
