
Microsoft Visual Studio Solution File, Format Version 12.00
# Visual Studio Version 17
VisualStudioVersion = 17.5.002.0
MinimumVisualStudioVersion = 10.0.40219.1
Project("{9A19103F-16F7-4668-BE54-9A1E7A4F7556}") = "Console004", "Console004\Console004.csproj", "{68EEB9B8-5599-411A-BF80-5F16E97704B5}"
EndProject
Project("{FAE04EC0-301F-11D3-BF4B-00C04F79EFBC}") = "TestProject1", "TestProject1\TestProject1.csproj", "{EFE8329E-18EA-426E-93F9-C5C47D6CFE5F}"
EndProject
Global
	GlobalSection(SolutionConfigurationPlatforms) = preSolution
		Debug|Any CPU = Debug|Any CPU
		Release|Any CPU = Release|Any CPU
	EndGlobalSection
	GlobalSection(ProjectConfigurationPlatforms) = postSolution
		{68EEB9B8-5599-411A-BF80-5F16E97704B5}.Debug|Any CPU.ActiveCfg = Debug|Any CPU
		{68EEB9B8-5599-411A-BF80-5F16E97704B5}.Debug|Any CPU.Build.0 = Debug|Any CPU
		{68EEB9B8-5599-411A-BF80-5F16E97704B5}.Release|Any CPU.ActiveCfg = Release|Any CPU
		{68EEB9B8-5599-411A-BF80-5F16E97704B5}.Release|Any CPU.Build.0 = Release|Any CPU
		{EFE8329E-18EA-426E-93F9-C5C47D6CFE5F}.Debug|Any CPU.ActiveCfg = Debug|Any CPU
		{EFE8329E-18EA-426E-93F9-C5C47D6CFE5F}.Debug|Any CPU.Build.0 = Debug|Any CPU
		{EFE8329E-18EA-426E-93F9-C5C47D6CFE5F}.Release|Any CPU.ActiveCfg = Release|Any CPU
		{EFE8329E-18EA-426E-93F9-C5C47D6CFE5F}.Release|Any CPU.Build.0 = Release|Any CPU
	EndGlobalSection
	GlobalSection(SolutionProperties) = preSolution
		HideSolutionNode = FALSE
	EndGlobalSection
	GlobalSection(ExtensibilityGlobals) = postSolution
		SolutionGuid = {E835EFE4-120E-455F-9E5F-F93C8F748042}
	EndGlobalSection
EndGlobal
