
Microsoft Visual Studio Solution File, Format Version 12.00
# Visual Studio Version 17
VisualStudioVersion = 17.14.35821.62 d17.14
MinimumVisualStudioVersion = 10.0.40219.1
Project("{FAE04EC0-301F-11D3-BF4B-00C04F79EFBC}") = "ConsoleApp10", "ConsoleApp10\ConsoleApp10.csproj", "{28C06606-43DB-4294-BBA7-D45BB9E87AAD}"
EndProject
Project("{FAE04EC0-301F-11D3-BF4B-00C04F79EFBC}") = "ConsoleApp10v2", "ConsoleApp10v2\ConsoleApp10v2.csproj", "{6E4258B2-5086-4832-B2E3-62D7F4DB8751}"
EndProject
Project("{FAE04EC0-301F-11D3-BF4B-00C04F79EFBC}") = "ConsoleApp10NETFw", "ConsoleApp10NETFw\ConsoleApp10NETFw.csproj", "{C38774F8-E66D-409D-84A1-2AD8E03EECB3}"
EndProject
Global
	GlobalSection(SolutionConfigurationPlatforms) = preSolution
		Debug|Any CPU = Debug|Any CPU
		Release|Any CPU = Release|Any CPU
	EndGlobalSection
	GlobalSection(ProjectConfigurationPlatforms) = postSolution
		{28C06606-43DB-4294-BBA7-D45BB9E87AAD}.Debug|Any CPU.ActiveCfg = Debug|Any CPU
		{28C06606-43DB-4294-BBA7-D45BB9E87AAD}.Debug|Any CPU.Build.0 = Debug|Any CPU
		{28C06606-43DB-4294-BBA7-D45BB9E87AAD}.Release|Any CPU.ActiveCfg = Release|Any CPU
		{28C06606-43DB-4294-BBA7-D45BB9E87AAD}.Release|Any CPU.Build.0 = Release|Any CPU
		{6E4258B2-5086-4832-B2E3-62D7F4DB8751}.Debug|Any CPU.ActiveCfg = Debug|Any CPU
		{6E4258B2-5086-4832-B2E3-62D7F4DB8751}.Debug|Any CPU.Build.0 = Debug|Any CPU
		{6E4258B2-5086-4832-B2E3-62D7F4DB8751}.Release|Any CPU.ActiveCfg = Release|Any CPU
		{6E4258B2-5086-4832-B2E3-62D7F4DB8751}.Release|Any CPU.Build.0 = Release|Any CPU
		{C38774F8-E66D-409D-84A1-2AD8E03EECB3}.Debug|Any CPU.ActiveCfg = Debug|Any CPU
		{C38774F8-E66D-409D-84A1-2AD8E03EECB3}.Debug|Any CPU.Build.0 = Debug|Any CPU
		{C38774F8-E66D-409D-84A1-2AD8E03EECB3}.Release|Any CPU.ActiveCfg = Release|Any CPU
		{C38774F8-E66D-409D-84A1-2AD8E03EECB3}.Release|Any CPU.Build.0 = Release|Any CPU
	EndGlobalSection
	GlobalSection(SolutionProperties) = preSolution
		HideSolutionNode = FALSE
	EndGlobalSection
	GlobalSection(ExtensibilityGlobals) = postSolution
		SolutionGuid = {35E2C0F4-A981-46F7-BFD3-894A965AA96D}
	EndGlobalSection
EndGlobal
