
Microsoft Visual Studio Solution File, Format Version 12.00
# Visual Studio Version 17
VisualStudioVersion = 17.10.34902.84
MinimumVisualStudioVersion = 10.0.40219.1
Project("{FAE04EC0-301F-11D3-BF4B-00C04F79EFBC}") = "ConsoleApp1NetFw", "ConsoleApp1NetFw\ConsoleApp1NetFw.csproj", "{CF32B92B-A91E-4B32-9C21-B225FD098B44}"
EndProject
Project("{9A19103F-16F7-4668-BE54-9A1E7A4F7556}") = "ConsoleApp1Net8", "ConsoleApp1Net8\ConsoleApp1Net8.csproj", "{2848BDB4-78F1-46C0-9ABB-B01C6492C3E8}"
EndProject
Project("{9A19103F-16F7-4668-BE54-9A1E7A4F7556}") = "ConsoleApp1Net8v2", "ConsoleApp1Net8v2\ConsoleApp1Net8v2.csproj", "{0CCE5FDE-F7E9-4806-AD4E-1CAFAE0B7421}"
EndProject
Global
	GlobalSection(SolutionConfigurationPlatforms) = preSolution
		Debug|Any CPU = Debug|Any CPU
		Release|Any CPU = Release|Any CPU
	EndGlobalSection
	GlobalSection(ProjectConfigurationPlatforms) = postSolution
		{CF32B92B-A91E-4B32-9C21-B225FD098B44}.Debug|Any CPU.ActiveCfg = Debug|Any CPU
		{CF32B92B-A91E-4B32-9C21-B225FD098B44}.Debug|Any CPU.Build.0 = Debug|Any CPU
		{CF32B92B-A91E-4B32-9C21-B225FD098B44}.Release|Any CPU.ActiveCfg = Release|Any CPU
		{CF32B92B-A91E-4B32-9C21-B225FD098B44}.Release|Any CPU.Build.0 = Release|Any CPU
		{2848BDB4-78F1-46C0-9ABB-B01C6492C3E8}.Debug|Any CPU.ActiveCfg = Debug|Any CPU
		{2848BDB4-78F1-46C0-9ABB-B01C6492C3E8}.Debug|Any CPU.Build.0 = Debug|Any CPU
		{2848BDB4-78F1-46C0-9ABB-B01C6492C3E8}.Release|Any CPU.ActiveCfg = Release|Any CPU
		{2848BDB4-78F1-46C0-9ABB-B01C6492C3E8}.Release|Any CPU.Build.0 = Release|Any CPU
		{0CCE5FDE-F7E9-4806-AD4E-1CAFAE0B7421}.Debug|Any CPU.ActiveCfg = Debug|Any CPU
		{0CCE5FDE-F7E9-4806-AD4E-1CAFAE0B7421}.Debug|Any CPU.Build.0 = Debug|Any CPU
		{0CCE5FDE-F7E9-4806-AD4E-1CAFAE0B7421}.Release|Any CPU.ActiveCfg = Release|Any CPU
		{0CCE5FDE-F7E9-4806-AD4E-1CAFAE0B7421}.Release|Any CPU.Build.0 = Release|Any CPU
	EndGlobalSection
	GlobalSection(SolutionProperties) = preSolution
		HideSolutionNode = FALSE
	EndGlobalSection
	GlobalSection(ExtensibilityGlobals) = postSolution
		SolutionGuid = {7560E211-79C4-463C-89F5-B221244ACC94}
	EndGlobalSection
EndGlobal
