
Microsoft Visual Studio Solution File, Format Version 12.00
# Visual Studio Version 17
VisualStudioVersion = 17.14.36221.1 d17.14
MinimumVisualStudioVersion = 10.0.40219.1
Project("{FAE04EC0-301F-11D3-BF4B-00C04F79EFBC}") = "ConsoleApp6", "ConsoleApp6\ConsoleApp6.csproj", "{7C445034-5DB9-42E6-A418-D2785357CA79}"
EndProject
Project("{FAE04EC0-301F-11D3-BF4B-00C04F79EFBC}") = "Starwars.Core.Entidades", "Starwars.Core.Entidades\Starwars.Core.Entidades.csproj", "{0121713A-073C-4EDA-BD16-FA83A0FC455A}"
EndProject
Project("{FAE04EC0-301F-11D3-BF4B-00C04F79EFBC}") = "Starwars.Core.Entidades.Test", "Starwars.Core.Entidades.Test\Starwars.Core.Entidades.Test.csproj", "{80F5E7BC-0D2C-4963-AD70-34E36402C170}"
EndProject
Project("{FAE04EC0-301F-11D3-BF4B-00C04F79EFBC}") = "WinFormsApp6", "WinFormsApp6\WinFormsApp6.csproj", "{6265F6D7-D20A-4129-A83E-81FD798A86ED}"
EndProject
Project("{FAE04EC0-301F-11D3-BF4B-00C04F79EFBC}") = "BlazorApp6", "BlazorApp6\BlazorApp6.csproj", "{0FF938F8-E795-4590-BCD1-2B9D00522258}"
EndProject
Global
	GlobalSection(SolutionConfigurationPlatforms) = preSolution
		Debug|Any CPU = Debug|Any CPU
		Release|Any CPU = Release|Any CPU
	EndGlobalSection
	GlobalSection(ProjectConfigurationPlatforms) = postSolution
		{7C445034-5DB9-42E6-A418-D2785357CA79}.Debug|Any CPU.ActiveCfg = Debug|Any CPU
		{7C445034-5DB9-42E6-A418-D2785357CA79}.Debug|Any CPU.Build.0 = Debug|Any CPU
		{7C445034-5DB9-42E6-A418-D2785357CA79}.Release|Any CPU.ActiveCfg = Release|Any CPU
		{7C445034-5DB9-42E6-A418-D2785357CA79}.Release|Any CPU.Build.0 = Release|Any CPU
		{0121713A-073C-4EDA-BD16-FA83A0FC455A}.Debug|Any CPU.ActiveCfg = Debug|Any CPU
		{0121713A-073C-4EDA-BD16-FA83A0FC455A}.Debug|Any CPU.Build.0 = Debug|Any CPU
		{0121713A-073C-4EDA-BD16-FA83A0FC455A}.Release|Any CPU.ActiveCfg = Release|Any CPU
		{0121713A-073C-4EDA-BD16-FA83A0FC455A}.Release|Any CPU.Build.0 = Release|Any CPU
		{80F5E7BC-0D2C-4963-AD70-34E36402C170}.Debug|Any CPU.ActiveCfg = Debug|Any CPU
		{80F5E7BC-0D2C-4963-AD70-34E36402C170}.Debug|Any CPU.Build.0 = Debug|Any CPU
		{80F5E7BC-0D2C-4963-AD70-34E36402C170}.Release|Any CPU.ActiveCfg = Release|Any CPU
		{80F5E7BC-0D2C-4963-AD70-34E36402C170}.Release|Any CPU.Build.0 = Release|Any CPU
		{6265F6D7-D20A-4129-A83E-81FD798A86ED}.Debug|Any CPU.ActiveCfg = Debug|Any CPU
		{6265F6D7-D20A-4129-A83E-81FD798A86ED}.Debug|Any CPU.Build.0 = Debug|Any CPU
		{6265F6D7-D20A-4129-A83E-81FD798A86ED}.Release|Any CPU.ActiveCfg = Release|Any CPU
		{6265F6D7-D20A-4129-A83E-81FD798A86ED}.Release|Any CPU.Build.0 = Release|Any CPU
		{0FF938F8-E795-4590-BCD1-2B9D00522258}.Debug|Any CPU.ActiveCfg = Debug|Any CPU
		{0FF938F8-E795-4590-BCD1-2B9D00522258}.Debug|Any CPU.Build.0 = Debug|Any CPU
		{0FF938F8-E795-4590-BCD1-2B9D00522258}.Release|Any CPU.ActiveCfg = Release|Any CPU
		{0FF938F8-E795-4590-BCD1-2B9D00522258}.Release|Any CPU.Build.0 = Release|Any CPU
	EndGlobalSection
	GlobalSection(SolutionProperties) = preSolution
		HideSolutionNode = FALSE
	EndGlobalSection
	GlobalSection(ExtensibilityGlobals) = postSolution
		SolutionGuid = {50E8104A-8E94-4C4C-8DDD-A1A4EBA5C41F}
	EndGlobalSection
EndGlobal
