
Microsoft Visual Studio Solution File, Format Version 12.00
# Visual Studio Version 17
VisualStudioVersion = 17.11.34909.67
MinimumVisualStudioVersion = 10.0.40219.1
Project("{FAE04EC0-301F-11D3-BF4B-00C04F79EFBC}") = "ConsoleApp1", "ConsoleApp1\ConsoleApp1.csproj", "{40F97CA7-5E20-4DF9-B437-60431CFD7106}"
EndProject
Project("{FAE04EC0-301F-11D3-BF4B-00C04F79EFBC}") = "Starwars.Core.Entities", "Starwars.Core.Entities\Starwars.Core.Entities.csproj", "{5634686D-72A1-4713-88A6-A3A54D7C5D1C}"
EndProject
Project("{FAE04EC0-301F-11D3-BF4B-00C04F79EFBC}") = "Starwars.Core.Entities.Test", "Starwars.Core.Entities.Test\Starwars.Core.Entities.Test.csproj", "{28A0E738-D33B-4896-826E-DF62649E9D5E}"
EndProject
Global
	GlobalSection(SolutionConfigurationPlatforms) = preSolution
		Debug|Any CPU = Debug|Any CPU
		Release|Any CPU = Release|Any CPU
	EndGlobalSection
	GlobalSection(ProjectConfigurationPlatforms) = postSolution
		{40F97CA7-5E20-4DF9-B437-60431CFD7106}.Debug|Any CPU.ActiveCfg = Debug|Any CPU
		{40F97CA7-5E20-4DF9-B437-60431CFD7106}.Debug|Any CPU.Build.0 = Debug|Any CPU
		{40F97CA7-5E20-4DF9-B437-60431CFD7106}.Release|Any CPU.ActiveCfg = Release|Any CPU
		{40F97CA7-5E20-4DF9-B437-60431CFD7106}.Release|Any CPU.Build.0 = Release|Any CPU
		{5634686D-72A1-4713-88A6-A3A54D7C5D1C}.Debug|Any CPU.ActiveCfg = Debug|Any CPU
		{5634686D-72A1-4713-88A6-A3A54D7C5D1C}.Debug|Any CPU.Build.0 = Debug|Any CPU
		{5634686D-72A1-4713-88A6-A3A54D7C5D1C}.Release|Any CPU.ActiveCfg = Release|Any CPU
		{5634686D-72A1-4713-88A6-A3A54D7C5D1C}.Release|Any CPU.Build.0 = Release|Any CPU
		{28A0E738-D33B-4896-826E-DF62649E9D5E}.Debug|Any CPU.ActiveCfg = Debug|Any CPU
		{28A0E738-D33B-4896-826E-DF62649E9D5E}.Debug|Any CPU.Build.0 = Debug|Any CPU
		{28A0E738-D33B-4896-826E-DF62649E9D5E}.Release|Any CPU.ActiveCfg = Release|Any CPU
		{28A0E738-D33B-4896-826E-DF62649E9D5E}.Release|Any CPU.Build.0 = Release|Any CPU
	EndGlobalSection
	GlobalSection(SolutionProperties) = preSolution
		HideSolutionNode = FALSE
	EndGlobalSection
	GlobalSection(ExtensibilityGlobals) = postSolution
		SolutionGuid = {8ED7BBE9-F60C-4CDA-858F-0A927AC4BD9C}
	EndGlobalSection
EndGlobal
