
Microsoft Visual Studio Solution File, Format Version 12.00
# Visual Studio Version 17
VisualStudioVersion = 17.10.34818.151
MinimumVisualStudioVersion = 10.0.40219.1
Project("{FAE04EC0-301F-11D3-BF4B-00C04F79EFBC}") = "ConsoleApp1", "ConsoleApp1\ConsoleApp1.csproj", "{F158ECBF-5539-4622-A6F6-53971BEDD0FE}"
EndProject
Project("{FAE04EC0-301F-11D3-BF4B-00C04F79EFBC}") = "Starwars.Core.Data", "Starwars.Core.Data\Starwars.Core.Data.csproj", "{A35902B7-8D0A-4258-90E9-0A9C2D46D0F2}"
EndProject
Project("{FAE04EC0-301F-11D3-BF4B-00C04F79EFBC}") = "Starwars.Core.Entities", "Starwars.Core.Entities\Starwars.Core.Entities.csproj", "{723E85BC-E010-4157-878F-EC6346133792}"
EndProject
Global
	GlobalSection(SolutionConfigurationPlatforms) = preSolution
		Debug|Any CPU = Debug|Any CPU
		Release|Any CPU = Release|Any CPU
	EndGlobalSection
	GlobalSection(ProjectConfigurationPlatforms) = postSolution
		{F158ECBF-5539-4622-A6F6-53971BEDD0FE}.Debug|Any CPU.ActiveCfg = Debug|Any CPU
		{F158ECBF-5539-4622-A6F6-53971BEDD0FE}.Debug|Any CPU.Build.0 = Debug|Any CPU
		{F158ECBF-5539-4622-A6F6-53971BEDD0FE}.Release|Any CPU.ActiveCfg = Release|Any CPU
		{F158ECBF-5539-4622-A6F6-53971BEDD0FE}.Release|Any CPU.Build.0 = Release|Any CPU
		{A35902B7-8D0A-4258-90E9-0A9C2D46D0F2}.Debug|Any CPU.ActiveCfg = Debug|Any CPU
		{A35902B7-8D0A-4258-90E9-0A9C2D46D0F2}.Debug|Any CPU.Build.0 = Debug|Any CPU
		{A35902B7-8D0A-4258-90E9-0A9C2D46D0F2}.Release|Any CPU.ActiveCfg = Release|Any CPU
		{A35902B7-8D0A-4258-90E9-0A9C2D46D0F2}.Release|Any CPU.Build.0 = Release|Any CPU
		{723E85BC-E010-4157-878F-EC6346133792}.Debug|Any CPU.ActiveCfg = Debug|Any CPU
		{723E85BC-E010-4157-878F-EC6346133792}.Debug|Any CPU.Build.0 = Debug|Any CPU
		{723E85BC-E010-4157-878F-EC6346133792}.Release|Any CPU.ActiveCfg = Release|Any CPU
		{723E85BC-E010-4157-878F-EC6346133792}.Release|Any CPU.Build.0 = Release|Any CPU
	EndGlobalSection
	GlobalSection(SolutionProperties) = preSolution
		HideSolutionNode = FALSE
	EndGlobalSection
	GlobalSection(ExtensibilityGlobals) = postSolution
		SolutionGuid = {A9FFDF85-CC34-4748-A37D-E84BA7189818}
	EndGlobalSection
EndGlobal
