
Microsoft Visual Studio Solution File, Format Version 12.00
# Visual Studio Version 17
VisualStudioVersion = 17.12.35323.107
MinimumVisualStudioVersion = 10.0.40219.1
Project("{FAE04EC0-301F-11D3-BF4B-00C04F79EFBC}") = "ConsoleApp4", "ConsoleApp4\ConsoleApp4.csproj", "{BF857846-14B8-4AB4-9089-265D6D35B888}"
EndProject
Project("{FAE04EC0-301F-11D3-BF4B-00C04F79EFBC}") = "CursoNET.Core.Entidades", "CursoNET.Core.Entidades\CursoNET.Core.Entidades.csproj", "{E42E98F5-29AF-4A25-AA0D-29B792841765}"
EndProject
Project("{FAE04EC0-301F-11D3-BF4B-00C04F79EFBC}") = "CursoNET.Core.Entidades.Tests", "CursoNET.Core.Entidades.Tests\CursoNET.Core.Entidades.Tests.csproj", "{8B985CE4-72D3-4DB9-A1D1-D566E9533B64}"
EndProject
Global
	GlobalSection(SolutionConfigurationPlatforms) = preSolution
		Debug|Any CPU = Debug|Any CPU
		Release|Any CPU = Release|Any CPU
	EndGlobalSection
	GlobalSection(ProjectConfigurationPlatforms) = postSolution
		{BF857846-14B8-4AB4-9089-265D6D35B888}.Debug|Any CPU.ActiveCfg = Debug|Any CPU
		{BF857846-14B8-4AB4-9089-265D6D35B888}.Debug|Any CPU.Build.0 = Debug|Any CPU
		{BF857846-14B8-4AB4-9089-265D6D35B888}.Release|Any CPU.ActiveCfg = Release|Any CPU
		{BF857846-14B8-4AB4-9089-265D6D35B888}.Release|Any CPU.Build.0 = Release|Any CPU
		{E42E98F5-29AF-4A25-AA0D-29B792841765}.Debug|Any CPU.ActiveCfg = Debug|Any CPU
		{E42E98F5-29AF-4A25-AA0D-29B792841765}.Debug|Any CPU.Build.0 = Debug|Any CPU
		{E42E98F5-29AF-4A25-AA0D-29B792841765}.Release|Any CPU.ActiveCfg = Release|Any CPU
		{E42E98F5-29AF-4A25-AA0D-29B792841765}.Release|Any CPU.Build.0 = Release|Any CPU
		{8B985CE4-72D3-4DB9-A1D1-D566E9533B64}.Debug|Any CPU.ActiveCfg = Debug|Any CPU
		{8B985CE4-72D3-4DB9-A1D1-D566E9533B64}.Debug|Any CPU.Build.0 = Debug|Any CPU
		{8B985CE4-72D3-4DB9-A1D1-D566E9533B64}.Release|Any CPU.ActiveCfg = Release|Any CPU
		{8B985CE4-72D3-4DB9-A1D1-D566E9533B64}.Release|Any CPU.Build.0 = Release|Any CPU
	EndGlobalSection
	GlobalSection(SolutionProperties) = preSolution
		HideSolutionNode = FALSE
	EndGlobalSection
	GlobalSection(ExtensibilityGlobals) = postSolution
		SolutionGuid = {DEFDBADF-96F0-4905-B9A5-4B46936A66E3}
	EndGlobalSection
EndGlobal
