
Microsoft Visual Studio Solution File, Format Version 12.00
# Visual Studio Version 17
VisualStudioVersion = 17.10.34607.79
MinimumVisualStudioVersion = 10.0.40219.1
Project("{FAE04EC0-301F-11D3-BF4B-00C04F79EFBC}") = "Unit3.Apps.AppConsole", "Unit3.Apps.AppConsole\Unit3.Apps.AppConsole.csproj", "{2DD0B43D-B54C-4838-B5C1-F8369B7D01CE}"
EndProject
Project("{FAE04EC0-301F-11D3-BF4B-00C04F79EFBC}") = "Unit3.Core.Entities", "Unit3.Core.Entities\Unit3.Core.Entities.csproj", "{8BA4FB98-05DD-48FB-8D25-486DC525CAE9}"
EndProject
Project("{FAE04EC0-301F-11D3-BF4B-00C04F79EFBC}") = "Unit3.Core.Entities.Tests", "Unit3.Core.Entities.Tests\Unit3.Core.Entities.Tests.csproj", "{1AF1340A-AA27-4A27-821A-E4F9B8C4A108}"
EndProject
Global
	GlobalSection(SolutionConfigurationPlatforms) = preSolution
		Debug|Any CPU = Debug|Any CPU
		Release|Any CPU = Release|Any CPU
	EndGlobalSection
	GlobalSection(ProjectConfigurationPlatforms) = postSolution
		{2DD0B43D-B54C-4838-B5C1-F8369B7D01CE}.Debug|Any CPU.ActiveCfg = Debug|Any CPU
		{2DD0B43D-B54C-4838-B5C1-F8369B7D01CE}.Debug|Any CPU.Build.0 = Debug|Any CPU
		{2DD0B43D-B54C-4838-B5C1-F8369B7D01CE}.Release|Any CPU.ActiveCfg = Release|Any CPU
		{2DD0B43D-B54C-4838-B5C1-F8369B7D01CE}.Release|Any CPU.Build.0 = Release|Any CPU
		{8BA4FB98-05DD-48FB-8D25-486DC525CAE9}.Debug|Any CPU.ActiveCfg = Debug|Any CPU
		{8BA4FB98-05DD-48FB-8D25-486DC525CAE9}.Debug|Any CPU.Build.0 = Debug|Any CPU
		{8BA4FB98-05DD-48FB-8D25-486DC525CAE9}.Release|Any CPU.ActiveCfg = Release|Any CPU
		{8BA4FB98-05DD-48FB-8D25-486DC525CAE9}.Release|Any CPU.Build.0 = Release|Any CPU
		{1AF1340A-AA27-4A27-821A-E4F9B8C4A108}.Debug|Any CPU.ActiveCfg = Debug|Any CPU
		{1AF1340A-AA27-4A27-821A-E4F9B8C4A108}.Debug|Any CPU.Build.0 = Debug|Any CPU
		{1AF1340A-AA27-4A27-821A-E4F9B8C4A108}.Release|Any CPU.ActiveCfg = Release|Any CPU
		{1AF1340A-AA27-4A27-821A-E4F9B8C4A108}.Release|Any CPU.Build.0 = Release|Any CPU
	EndGlobalSection
	GlobalSection(SolutionProperties) = preSolution
		HideSolutionNode = FALSE
	EndGlobalSection
	GlobalSection(ExtensibilityGlobals) = postSolution
		SolutionGuid = {59D15CFD-3936-4F89-A196-77AF14206B23}
	EndGlobalSection
EndGlobal
