
Microsoft Visual Studio Solution File, Format Version 12.00
# Visual Studio Version 17
VisualStudioVersion = 17.12.35410.144 d17.12
MinimumVisualStudioVersion = 10.0.40219.1
Project("{FAE04EC0-301F-11D3-BF4B-00C04F79EFBC}") = "Classroom.Core.Entities", "Classroom.Core.Entities.csproj", "{1D70ED6A-E53E-4760-8915-832C589BAFEE}"
EndProject
Project("{FAE04EC0-301F-11D3-BF4B-00C04F79EFBC}") = "Classroom.Core.Entities.Tests", "..\Classroom.Core.Entities.Tests\Classroom.Core.Entities.Tests.csproj", "{EB025E9C-46F7-4F4B-A8B1-D144F6677117}"
EndProject
Global
	GlobalSection(SolutionConfigurationPlatforms) = preSolution
		Debug|Any CPU = Debug|Any CPU
		Release|Any CPU = Release|Any CPU
	EndGlobalSection
	GlobalSection(ProjectConfigurationPlatforms) = postSolution
		{1D70ED6A-E53E-4760-8915-832C589BAFEE}.Debug|Any CPU.ActiveCfg = Debug|Any CPU
		{1D70ED6A-E53E-4760-8915-832C589BAFEE}.Debug|Any CPU.Build.0 = Debug|Any CPU
		{1D70ED6A-E53E-4760-8915-832C589BAFEE}.Release|Any CPU.ActiveCfg = Release|Any CPU
		{1D70ED6A-E53E-4760-8915-832C589BAFEE}.Release|Any CPU.Build.0 = Release|Any CPU
		{EB025E9C-46F7-4F4B-A8B1-D144F6677117}.Debug|Any CPU.ActiveCfg = Debug|Any CPU
		{EB025E9C-46F7-4F4B-A8B1-D144F6677117}.Debug|Any CPU.Build.0 = Debug|Any CPU
		{EB025E9C-46F7-4F4B-A8B1-D144F6677117}.Release|Any CPU.ActiveCfg = Release|Any CPU
		{EB025E9C-46F7-4F4B-A8B1-D144F6677117}.Release|Any CPU.Build.0 = Release|Any CPU
	EndGlobalSection
	GlobalSection(SolutionProperties) = preSolution
		HideSolutionNode = FALSE
	EndGlobalSection
EndGlobal
